
Microsoft Visual Studio Solution File, Format Version 12.00
# Visual Studio Version 17
VisualStudioVersion = 17.14.36301.6
MinimumVisualStudioVersion = 10.0.40219.1
Project("{FAE04EC0-301F-11D3-BF4B-00C04F79EFBC}") = "Smt.QueryService.Api", "Smt.QueryService.Api\Smt.QueryService.Api.csproj", "{8D16A548-2DC4-47D2-8179-C3268E2A8431}"
EndProject
Project("{FAE04EC0-301F-11D3-BF4B-00C04F79EFBC}") = "Smt.Producer", "Smt.Producer\Smt.Producer.csproj", "{BA17B2EA-184B-47E8-94DB-DFCC130DA42C}"
EndProject
Project("{FAE04EC0-301F-11D3-BF4B-00C04F79EFBC}") = "Smt.Consumer", "Smt.Consumer\Smt.Consumer.csproj", "{C478C3AF-FDFD-4154-ADD3-D00449C1ACA0}"
EndProject
Project("{FAE04EC0-301F-11D3-BF4B-00C04F79EFBC}") = "Smt.QueryService.Tests", "Smt.QueryService.Tests\Smt.QueryService.Tests.csproj", "{7A796E6C-BEC7-48CD-BD7B-7EE77AA383C9}"
EndProject
Global
	GlobalSection(SolutionConfigurationPlatforms) = preSolution
		Debug|Any CPU = Debug|Any CPU
		Debug|x64 = Debug|x64
		Debug|x86 = Debug|x86
		Release|Any CPU = Release|Any CPU
		Release|x64 = Release|x64
		Release|x86 = Release|x86
	EndGlobalSection
	GlobalSection(ProjectConfigurationPlatforms) = postSolution
		{8D16A548-2DC4-47D2-8179-C3268E2A8431}.Debug|Any CPU.ActiveCfg = Debug|Any CPU
		{8D16A548-2DC4-47D2-8179-C3268E2A8431}.Debug|Any CPU.Build.0 = Debug|Any CPU
		{8D16A548-2DC4-47D2-8179-C3268E2A8431}.Debug|x64.ActiveCfg = Debug|Any CPU
		{8D16A548-2DC4-47D2-8179-C3268E2A8431}.Debug|x64.Build.0 = Debug|Any CPU
		{8D16A548-2DC4-47D2-8179-C3268E2A8431}.Debug|x86.ActiveCfg = Debug|Any CPU
		{8D16A548-2DC4-47D2-8179-C3268E2A8431}.Debug|x86.Build.0 = Debug|Any CPU
		{8D16A548-2DC4-47D2-8179-C3268E2A8431}.Release|Any CPU.ActiveCfg = Release|Any CPU
		{8D16A548-2DC4-47D2-8179-C3268E2A8431}.Release|Any CPU.Build.0 = Release|Any CPU
		{8D16A548-2DC4-47D2-8179-C3268E2A8431}.Release|x64.ActiveCfg = Release|Any CPU
		{8D16A548-2DC4-47D2-8179-C3268E2A8431}.Release|x64.Build.0 = Release|Any CPU
		{8D16A548-2DC4-47D2-8179-C3268E2A8431}.Release|x86.ActiveCfg = Release|Any CPU
		{8D16A548-2DC4-47D2-8179-C3268E2A8431}.Release|x86.Build.0 = Release|Any CPU
		{BA17B2EA-184B-47E8-94DB-DFCC130DA42C}.Debug|Any CPU.ActiveCfg = Debug|Any CPU
		{BA17B2EA-184B-47E8-94DB-DFCC130DA42C}.Debug|Any CPU.Build.0 = Debug|Any CPU
		{BA17B2EA-184B-47E8-94DB-DFCC130DA42C}.Debug|x64.ActiveCfg = Debug|Any CPU
		{BA17B2EA-184B-47E8-94DB-DFCC130DA42C}.Debug|x64.Build.0 = Debug|Any CPU
		{BA17B2EA-184B-47E8-94DB-DFCC130DA42C}.Debug|x86.ActiveCfg = Debug|Any CPU
		{BA17B2EA-184B-47E8-94DB-DFCC130DA42C}.Debug|x86.Build.0 = Debug|Any CPU
		{BA17B2EA-184B-47E8-94DB-DFCC130DA42C}.Release|Any CPU.ActiveCfg = Release|Any CPU
		{BA17B2EA-184B-47E8-94DB-DFCC130DA42C}.Release|Any CPU.Build.0 = Release|Any CPU
		{BA17B2EA-184B-47E8-94DB-DFCC130DA42C}.Release|x64.ActiveCfg = Release|Any CPU
		{BA17B2EA-184B-47E8-94DB-DFCC130DA42C}.Release|x64.Build.0 = Release|Any CPU
		{BA17B2EA-184B-47E8-94DB-DFCC130DA42C}.Release|x86.ActiveCfg = Release|Any CPU
		{BA17B2EA-184B-47E8-94DB-DFCC130DA42C}.Release|x86.Build.0 = Release|Any CPU
		{C478C3AF-FDFD-4154-ADD3-D00449C1ACA0}.Debug|Any CPU.ActiveCfg = Debug|Any CPU
		{C478C3AF-FDFD-4154-ADD3-D00449C1ACA0}.Debug|Any CPU.Build.0 = Debug|Any CPU
		{C478C3AF-FDFD-4154-ADD3-D00449C1ACA0}.Debug|x64.ActiveCfg = Debug|Any CPU
		{C478C3AF-FDFD-4154-ADD3-D00449C1ACA0}.Debug|x64.Build.0 = Debug|Any CPU
		{C478C3AF-FDFD-4154-ADD3-D00449C1ACA0}.Debug|x86.ActiveCfg = Debug|Any CPU
		{C478C3AF-FDFD-4154-ADD3-D00449C1ACA0}.Debug|x86.Build.0 = Debug|Any CPU
		{C478C3AF-FDFD-4154-ADD3-D00449C1ACA0}.Release|Any CPU.ActiveCfg = Release|Any CPU
		{C478C3AF-FDFD-4154-ADD3-D00449C1ACA0}.Release|Any CPU.Build.0 = Release|Any CPU
		{C478C3AF-FDFD-4154-ADD3-D00449C1ACA0}.Release|x64.ActiveCfg = Release|Any CPU
		{C478C3AF-FDFD-4154-ADD3-D00449C1ACA0}.Release|x64.Build.0 = Release|Any CPU
		{C478C3AF-FDFD-4154-ADD3-D00449C1ACA0}.Release|x86.ActiveCfg = Release|Any CPU
		{C478C3AF-FDFD-4154-ADD3-D00449C1ACA0}.Release|x86.Build.0 = Release|Any CPU
		{7A796E6C-BEC7-48CD-BD7B-7EE77AA383C9}.Debug|Any CPU.ActiveCfg = Debug|Any CPU
		{7A796E6C-BEC7-48CD-BD7B-7EE77AA383C9}.Debug|Any CPU.Build.0 = Debug|Any CPU
		{7A796E6C-BEC7-48CD-BD7B-7EE77AA383C9}.Debug|x64.ActiveCfg = Debug|Any CPU
		{7A796E6C-BEC7-48CD-BD7B-7EE77AA383C9}.Debug|x64.Build.0 = Debug|Any CPU
		{7A796E6C-BEC7-48CD-BD7B-7EE77AA383C9}.Debug|x86.ActiveCfg = Debug|Any CPU
		{7A796E6C-BEC7-48CD-BD7B-7EE77AA383C9}.Debug|x86.Build.0 = Debug|Any CPU
		{7A796E6C-BEC7-48CD-BD7B-7EE77AA383C9}.Release|Any CPU.ActiveCfg = Release|Any CPU
		{7A796E6C-BEC7-48CD-BD7B-7EE77AA383C9}.Release|Any CPU.Build.0 = Release|Any CPU
		{7A796E6C-BEC7-48CD-BD7B-7EE77AA383C9}.Release|x64.ActiveCfg = Release|Any CPU
		{7A796E6C-BEC7-48CD-BD7B-7EE77AA383C9}.Release|x64.Build.0 = Release|Any CPU
		{7A796E6C-BEC7-48CD-BD7B-7EE77AA383C9}.Release|x86.ActiveCfg = Release|Any CPU
		{7A796E6C-BEC7-48CD-BD7B-7EE77AA383C9}.Release|x86.Build.0 = Release|Any CPU
	EndGlobalSection
	GlobalSection(SolutionProperties) = preSolution
		HideSolutionNode = FALSE
	EndGlobalSection
	GlobalSection(ExtensibilityGlobals) = postSolution
		SolutionGuid = {1DB34864-08DB-4CAD-8567-D336A8D6E408}
	EndGlobalSection
EndGlobal
